
Microsoft Visual Studio Solution File, Format Version 12.00
# Visual Studio Version 16
VisualStudioVersion = 16.0.30330.147
MinimumVisualStudioVersion = 10.0.40219.1
Project("{FAE04EC0-301F-11D3-BF4B-00C04F79EFBC}") = "StudentManage", "StudentManage\StudentManage.csproj", "{760766B4-363D-4554-9B46-81B3827EEACF}"
EndProject
Global
	GlobalSection(SolutionConfigurationPlatforms) = preSolution
		Debug|Any CPU = Debug|Any CPU
		Release|Any CPU = Release|Any CPU
	EndGlobalSection
	GlobalSection(ProjectConfigurationPlatforms) = postSolution
		{760766B4-363D-4554-9B46-81B3827EEACF}.Debug|Any CPU.ActiveCfg = Debug|Any CPU
		{760766B4-363D-4554-9B46-81B3827EEACF}.Debug|Any CPU.Build.0 = Debug|Any CPU
		{760766B4-363D-4554-9B46-81B3827EEACF}.Release|Any CPU.ActiveCfg = Release|Any CPU
		{760766B4-363D-4554-9B46-81B3827EEACF}.Release|Any CPU.Build.0 = Release|Any CPU
	EndGlobalSection
	GlobalSection(SolutionProperties) = preSolution
		HideSolutionNode = FALSE
	EndGlobalSection
	GlobalSection(ExtensibilityGlobals) = postSolution
		SolutionGuid = {D61D3373-3AA1-4298-B747-9051ED5BA088}
	EndGlobalSection
EndGlobal
